
Microsoft Visual Studio Solution File, Format Version 12.00
# Visual Studio 15
VisualStudioVersion = 15.0.27004.2006
MinimumVisualStudioVersion = 10.0.40219.1
Project("{FAE04EC0-301F-11D3-BF4B-00C04F79EFBC}") = "DependencyInjection.Extensions", "DependencyInjection.Extensions\DependencyInjection.Extensions.csproj", "{4176ADA0-96EA-48EB-A9CC-6FF1E7CE331C}"
EndProject
Project("{9A19103F-16F7-4668-BE54-9A1E7A4F7556}") = "DependencyInjection.UnitTests", "DependencyInjection.UnitTests\DependencyInjection.UnitTests.csproj", "{15929062-F136-4760-B567-ACB5F9BF8390}"
EndProject
Global
	GlobalSection(SolutionConfigurationPlatforms) = preSolution
		Debug|Any CPU = Debug|Any CPU
		Release|Any CPU = Release|Any CPU
	EndGlobalSection
	GlobalSection(ProjectConfigurationPlatforms) = postSolution
		{4176ADA0-96EA-48EB-A9CC-6FF1E7CE331C}.Debug|Any CPU.ActiveCfg = Debug|Any CPU
		{4176ADA0-96EA-48EB-A9CC-6FF1E7CE331C}.Debug|Any CPU.Build.0 = Debug|Any CPU
		{4176ADA0-96EA-48EB-A9CC-6FF1E7CE331C}.Release|Any CPU.ActiveCfg = Release|Any CPU
		{4176ADA0-96EA-48EB-A9CC-6FF1E7CE331C}.Release|Any CPU.Build.0 = Release|Any CPU
		{15929062-F136-4760-B567-ACB5F9BF8390}.Debug|Any CPU.ActiveCfg = Debug|Any CPU
		{15929062-F136-4760-B567-ACB5F9BF8390}.Debug|Any CPU.Build.0 = Debug|Any CPU
		{15929062-F136-4760-B567-ACB5F9BF8390}.Release|Any CPU.ActiveCfg = Release|Any CPU
		{15929062-F136-4760-B567-ACB5F9BF8390}.Release|Any CPU.Build.0 = Release|Any CPU
	EndGlobalSection
	GlobalSection(SolutionProperties) = preSolution
		HideSolutionNode = FALSE
	EndGlobalSection
	GlobalSection(ExtensibilityGlobals) = postSolution
		SolutionGuid = {22926AE9-D8E0-4141-A02D-6AEB864EB46F}
	EndGlobalSection
EndGlobal
